
Microsoft Visual Studio Solution File, Format Version 11.00
# Visual C++ Express 2010
Project("{8BC9CEB8-8B4A-11D0-8D11-00A0C91BC942}") = "Current_Penguin", "Current_Penguin\Current_Penguin.vcxproj", "{F06A8D81-5410-42B8-9654-55DBD4746136}"
EndProject
Global
	GlobalSection(SolutionConfigurationPlatforms) = preSolution
		Debug|Win32 = Debug|Win32
		Release|Win32 = Release|Win32
	EndGlobalSection
	GlobalSection(ProjectConfigurationPlatforms) = postSolution
		{F06A8D81-5410-42B8-9654-55DBD4746136}.Debug|Win32.ActiveCfg = Debug|Win32
		{F06A8D81-5410-42B8-9654-55DBD4746136}.Debug|Win32.Build.0 = Debug|Win32
		{F06A8D81-5410-42B8-9654-55DBD4746136}.Release|Win32.ActiveCfg = Release|Win32
		{F06A8D81-5410-42B8-9654-55DBD4746136}.Release|Win32.Build.0 = Release|Win32
	EndGlobalSection
	GlobalSection(SolutionProperties) = preSolution
		HideSolutionNode = FALSE
	EndGlobalSection
EndGlobal
